%{
  "asciichart": {:hex, :asciichart, "1.0.0", "6ef5dbeab545cb7a0bdce7235958f129de6cd8ad193684dc0953c9a8b4c3db5b", [:mix], [], "hexpm", "edc475e4cdd317599310fa714dbc1f53485c32fc918e23e95f0c2bbb731f2ee2"},
  "bakeware": {:git, "https://github.com/bake-bake-bake/bakeware.git", "34c7d2852a8c7e435b2b3b223abdb1de9f0f1002", []},
  "elixir_make": {:hex, :elixir_make, "0.7.7", "7128c60c2476019ed978210c245badf08b03dbec4f24d05790ef791da11aa17c", [:mix], [{:castore, "~> 0.1 or ~> 1.0", [hex: :castore, repo: "hexpm", optional: true]}], "hexpm", "5bc19fff950fad52bbe5f211b12db9ec82c6b34a9647da0c2224b8b8464c7e6c"},
  "ex_termbox": {:hex, :ex_termbox, "1.0.2", "30cb94c2585e28797bedfc771687623faff75ab0eb77b08b3214181062bfa4af", [:make, :mix], [{:elixir_make, "~> 0.4", [hex: :elixir_make, repo: "hexpm", optional: false]}], "hexpm", "ca7b14d1019f96466a65ba08bd6cbf46e8b16f87339ef0ed211ba0641f304807"},
  "ratatouille": {:hex, :ratatouille, "0.5.1", "0f80009fa9534e257505bfe06bff28e030b458d4a33ec2427f7be34a6ef1acf7", [:mix], [{:asciichart, "~> 1.0", [hex: :asciichart, repo: "hexpm", optional: false]}, {:ex_termbox, "~> 1.0", [hex: :ex_termbox, repo: "hexpm", optional: false]}], "hexpm", "b2394eb1cc662eae53ae0fb7c27c04543a6d2ce11ab6dc41202c5c4090cbf652"},
}
